
Microsoft Visual Studio Solution File, Format Version 12.00
# Visual Studio Version 16
VisualStudioVersion = 16.0.32413.511
MinimumVisualStudioVersion = 10.0.40219.1
Project("{FAE04EC0-301F-11D3-BF4B-00C04F79EFBC}") = "Universal-Turing-Machine", "Universal-Turing-Machine.csproj", "{2245012E-4E54-4BA5-A04A-8648E11E5BDF}"
EndProject
Global
	GlobalSection(SolutionConfigurationPlatforms) = preSolution
		Debug|Any CPU = Debug|Any CPU
		Release|Any CPU = Release|Any CPU
	EndGlobalSection
	GlobalSection(ProjectConfigurationPlatforms) = postSolution
		{2245012E-4E54-4BA5-A04A-8648E11E5BDF}.Debug|Any CPU.ActiveCfg = Debug|Any CPU
		{2245012E-4E54-4BA5-A04A-8648E11E5BDF}.Debug|Any CPU.Build.0 = Debug|Any CPU
		{2245012E-4E54-4BA5-A04A-8648E11E5BDF}.Release|Any CPU.ActiveCfg = Release|Any CPU
		{2245012E-4E54-4BA5-A04A-8648E11E5BDF}.Release|Any CPU.Build.0 = Release|Any CPU
	EndGlobalSection
	GlobalSection(SolutionProperties) = preSolution
		HideSolutionNode = FALSE
	EndGlobalSection
	GlobalSection(ExtensibilityGlobals) = postSolution
		SolutionGuid = {3D2045B1-95D0-4045-AF1C-FA56208F51DB}
	EndGlobalSection
EndGlobal
